
Microsoft Visual Studio Solution File, Format Version 12.00
# Visual Studio 15
VisualStudioVersion = 15.0.28307.779
MinimumVisualStudioVersion = 10.0.40219.1
Project("{FAE04EC0-301F-11D3-BF4B-00C04F79EFBC}") = "TAD", "TAD\TAD.csproj", "{3D70C972-E261-4BB8-BD2A-723638D682B5}"
EndProject
Global
	GlobalSection(SolutionConfigurationPlatforms) = preSolution
		Debug|Any CPU = Debug|Any CPU
		Release|Any CPU = Release|Any CPU
	EndGlobalSection
	GlobalSection(ProjectConfigurationPlatforms) = postSolution
		{3D70C972-E261-4BB8-BD2A-723638D682B5}.Debug|Any CPU.ActiveCfg = Debug|Any CPU
		{3D70C972-E261-4BB8-BD2A-723638D682B5}.Debug|Any CPU.Build.0 = Debug|Any CPU
		{3D70C972-E261-4BB8-BD2A-723638D682B5}.Release|Any CPU.ActiveCfg = Release|Any CPU
		{3D70C972-E261-4BB8-BD2A-723638D682B5}.Release|Any CPU.Build.0 = Release|Any CPU
	EndGlobalSection
	GlobalSection(SolutionProperties) = preSolution
		HideSolutionNode = FALSE
	EndGlobalSection
	GlobalSection(ExtensibilityGlobals) = postSolution
		SolutionGuid = {1E579ED7-014A-44D2-9814-F559CE0CF486}
	EndGlobalSection
EndGlobal
